{
  "name": "@nacelle/react-klaviyo",
  "version": "2.7.0",
  "lockfileVersion": 1,
  "requires": true,
  "dependencies": {
    "@nacelle/react-components": {
      "version": "2.6.0",
      "resolved": "https://registry.npmjs.org/@nacelle/react-components/-/react-components-2.6.0.tgz",
      "integrity": "sha512-6jli/Wt/9VM61mg2CoKVfVRJBiEcTjaqY42mFwXCUJORg6LwdlBIHBLMWKdL/lPF5mOeK7jkDjYfdpN2yKijVw=="
    }
  }
}
