{
  "name": "nacelle-nextjs-example",
  "version": "2.8.1",
  "lockfileVersion": 1,
  "requires": true,
  "dependencies": {
    "@nacelle/client-js-sdk": {
      "version": "2.4.0",
      "resolved": "https://registry.npmjs.org/@nacelle/client-js-sdk/-/client-js-sdk-2.4.0.tgz",
      "integrity": "sha512-H55n+/D4D3rPY1fDdbhTLW2rCCHvCuZNG6rWAApqOiOAZF6BqoCuEtpYwoBBdwZSoWtnkkyRU2YPlkPkOfIQgg==",
      "dev": true,
      "requires": {
        "axios": "^0.19.2",
        "graphql": "^14.6.0"
      }
    },
    "@nacelle/contentful-preview-connector": {
      "version": "0.1.4",
      "resolved": "https://registry.npmjs.org/@nacelle/contentful-preview-connector/-/contentful-preview-connector-0.1.4.tgz",
      "integrity": "sha512-DOhKvKkeZzg6khx9HbYOe4zqX+UsWdW8GtkwQyMhfrd425bml0ZXDOqF9jBLpX/fNNejexuqb5CJbjF6ldn7Yg==",
      "requires": {
        "@nacelle/client-js-sdk": "^1.0.4",
        "contentful": "^7.14.2"
      },
      "dependencies": {
        "@nacelle/client-js-sdk": {
          "version": "1.0.5",
          "resolved": "https://registry.npmjs.org/@nacelle/client-js-sdk/-/client-js-sdk-1.0.5.tgz",
          "integrity": "sha512-15hA0fqOYhsMJXiaf5bXr3O6z+SWs70W0HvVsm7pWRCJTsRuoWkfZyZk70ruxSRbeIjkBloZuQXD9YS3tUHVdw==",
          "requires": {
            "axios": "^0.19.2",
            "graphql": "^14.6.0"
          }
        }
      }
    },
    "axios": {
      "version": "0.19.2",
      "resolved": "https://registry.npmjs.org/axios/-/axios-0.19.2.tgz",
      "integrity": "sha512-fjgm5MvRHLhx+osE2xoekY70AhARk3a6hkN+3Io1jc00jtquGvxYlKlsFUhmUET0V5te6CcZI7lcv2Ym61mjHA==",
      "requires": {
        "follow-redirects": "1.5.10"
      }
    },
    "contentful": {
      "version": "7.14.6",
      "resolved": "https://registry.npmjs.org/contentful/-/contentful-7.14.6.tgz",
      "integrity": "sha512-7/Xqw/UT0/zW9DeVGAwtW4twGbThIc6rbLATrhUn7AXt/xTCFzgPiJxHgRU9gmr733q/Wckv663B51abDMS9Nw==",
      "requires": {
        "axios": "^0.19.1",
        "contentful-resolve-response": "^1.2.2",
        "contentful-sdk-core": "^6.4.5",
        "json-stringify-safe": "^5.0.1",
        "lodash": "^4.17.11"
      }
    },
    "contentful-resolve-response": {
      "version": "1.2.2",
      "resolved": "https://registry.npmjs.org/contentful-resolve-response/-/contentful-resolve-response-1.2.2.tgz",
      "integrity": "sha512-KyRz05f2YFJDSFs/L5jtsptbL5Fk3+ukSjRF94zFXq0FOtYoaxyCbqKgHhK2+3hlipxVQ+KGRus/tSaD6PoPMg==",
      "requires": {
        "lodash": "^4.17.15"
      }
    },
    "contentful-sdk-core": {
      "version": "6.4.5",
      "resolved": "https://registry.npmjs.org/contentful-sdk-core/-/contentful-sdk-core-6.4.5.tgz",
      "integrity": "sha512-rygNuiwbG6UKrJg6EDlaKewayTeLWrjA2wJwVmq7rV/DYo0cic6t28y0EMhRQ4pgJDV5HyUQFoFeBm2lwLfG2Q==",
      "requires": {
        "lodash": "^4.17.10",
        "qs": "^6.5.2"
      }
    },
    "debug": {
      "version": "3.1.0",
      "resolved": "https://registry.npmjs.org/debug/-/debug-3.1.0.tgz",
      "integrity": "sha512-OX8XqP7/1a9cqkxYw2yXss15f26NKWBpDXQd0/uK/KPqdQhxbPa994hnzjcE2VqQpDslf55723cKPUOGSmMY3g==",
      "requires": {
        "ms": "2.0.0"
      }
    },
    "follow-redirects": {
      "version": "1.5.10",
      "resolved": "https://registry.npmjs.org/follow-redirects/-/follow-redirects-1.5.10.tgz",
      "integrity": "sha512-0V5l4Cizzvqt5D44aTXbFZz+FtyXV1vrDN6qrelxtfYQKW0KO0W2T/hkE8xvGa/540LkZlkaUjO4ailYTFtHVQ==",
      "requires": {
        "debug": "=3.1.0"
      }
    },
    "graphql": {
      "version": "14.7.0",
      "resolved": "https://registry.npmjs.org/graphql/-/graphql-14.7.0.tgz",
      "integrity": "sha512-l0xWZpoPKpppFzMfvVyFmp9vLN7w/ZZJPefUicMCepfJeQ8sMcztloGYY9DfjVPo6tIUDzU5Hw3MUbIjj9AVVA==",
      "requires": {
        "iterall": "^1.2.2"
      }
    },
    "iterall": {
      "version": "1.3.0",
      "resolved": "https://registry.npmjs.org/iterall/-/iterall-1.3.0.tgz",
      "integrity": "sha512-QZ9qOMdF+QLHxy1QIpUHUU1D5pS2CG2P69LF6L6CPjPYA/XMOmKV3PZpawHoAjHNyB0swdVTRxdYT4tbBbxqwg=="
    },
    "json-stringify-safe": {
      "version": "5.0.1",
      "resolved": "https://registry.npmjs.org/json-stringify-safe/-/json-stringify-safe-5.0.1.tgz",
      "integrity": "sha1-Epai1Y/UXxmg9s4B1lcB4sc1tus="
    },
    "lodash": {
      "version": "4.17.20",
      "resolved": "https://registry.npmjs.org/lodash/-/lodash-4.17.20.tgz",
      "integrity": "sha512-PlhdFcillOINfeV7Ni6oF1TAEayyZBoZ8bcshTHqOYJYlrqzRK5hagpagky5o4HfCzzd1TRkXPMFq6cKk9rGmA=="
    },
    "ms": {
      "version": "2.0.0",
      "resolved": "https://registry.npmjs.org/ms/-/ms-2.0.0.tgz",
      "integrity": "sha1-VgiurfwAvmwpAd9fmGF4jeDVl8g="
    },
    "qs": {
      "version": "6.9.4",
      "resolved": "https://registry.npmjs.org/qs/-/qs-6.9.4.tgz",
      "integrity": "sha512-A1kFqHekCTM7cz0udomYUoYNWjBebHm/5wzU/XqrBRBNWectVH0QIiN+NEcZ0Dte5hvzHwbr8+XQmguPhJ6WdQ=="
    }
  }
}
